
Microsoft Visual Studio Solution File, Format Version 12.00
# Visual Studio 15
VisualStudioVersion = 15.0.27703.2000
MinimumVisualStudioVersion = 10.0.40219.1
Project("{FAE04EC0-301F-11D3-BF4B-00C04F79EFBC}") = "Task 2", "Task 2\Task 2.csproj", "{DD33DBB0-55BB-4332-9419-CBA8D60464EA}"
EndProject
Global
	GlobalSection(SolutionConfigurationPlatforms) = preSolution
		Debug|Any CPU = Debug|Any CPU
		Release|Any CPU = Release|Any CPU
	EndGlobalSection
	GlobalSection(ProjectConfigurationPlatforms) = postSolution
		{DD33DBB0-55BB-4332-9419-CBA8D60464EA}.Debug|Any CPU.ActiveCfg = Debug|Any CPU
		{DD33DBB0-55BB-4332-9419-CBA8D60464EA}.Debug|Any CPU.Build.0 = Debug|Any CPU
		{DD33DBB0-55BB-4332-9419-CBA8D60464EA}.Release|Any CPU.ActiveCfg = Release|Any CPU
		{DD33DBB0-55BB-4332-9419-CBA8D60464EA}.Release|Any CPU.Build.0 = Release|Any CPU
	EndGlobalSection
	GlobalSection(SolutionProperties) = preSolution
		HideSolutionNode = FALSE
	EndGlobalSection
	GlobalSection(ExtensibilityGlobals) = postSolution
		SolutionGuid = {EABFE8D3-9C6A-4269-B56B-3DEA20AAD583}
	EndGlobalSection
EndGlobal
